Microsoft Visual Studio Solution File, Format Version 11.00
# Visual Studio 2008

Project("{62EAA565-0C46-2DD0-FBA7-1D9D2D159F0F}") = "Transcendence", "Assembly-CSharp.csproj", "{8BFF8D6B-12FD-515F-27CA-1E9C29DB9218}"
EndProject
Global
	GlobalSection(SolutionConfigurationPlatforms) = preSolution
		Debug|Any CPU = Debug|Any CPU
		Release|Any CPU = Release|Any CPU
	EndGlobalSection
	GlobalSection(ProjectConfigurationPlatforms) = postSolution
		{8BFF8D6B-12FD-515F-27CA-1E9C29DB9218}.Debug|Any CPU.ActiveCfg = Debug|Any CPU
		{8BFF8D6B-12FD-515F-27CA-1E9C29DB9218}.Debug|Any CPU.Build.0 = Debug|Any CPU
		{8BFF8D6B-12FD-515F-27CA-1E9C29DB9218}.Release|Any CPU.ActiveCfg = Release|Any CPU
		{8BFF8D6B-12FD-515F-27CA-1E9C29DB9218}.Release|Any CPU.Build.0 = Release|Any CPU
	EndGlobalSection
	GlobalSection(SolutionProperties) = preSolution
		HideSolutionNode = FALSE
	EndGlobalSection
	GlobalSection(MonoDevelopProperties) = preSolution
		StartupItem = Assembly-CSharp.csproj
		Policies = $0
		$0.TextStylePolicy = $1
		$1.inheritsSet = null
		$1.scope = text/x-csharp
		$0.CSharpFormattingPolicy = $2
		$2.inheritsSet = Mono
		$2.inheritsScope = text/x-csharp
		$2.scope = text/x-csharp
		$0.TextStylePolicy = $3
		$3.FileWidth = 120
		$3.TabWidth = 4
		$3.IndentWidth = 4
		$3.EolMarker = Unix
		$3.inheritsSet = Mono
		$3.inheritsScope = text/plain
		$3.scope = text/plain
	EndGlobalSection
EndGlobal
